
Microsoft Visual Studio Solution File, Format Version 12.00
# Visual Studio Version 17
VisualStudioVersion = 17.7.34024.191
MinimumVisualStudioVersion = 10.0.40219.1
Project("{FAE04EC0-301F-11D3-BF4B-00C04F79EFBC}") = "PixabayDownloader", "PixabayDownloader.csproj", "{31A54C00-AA01-447A-ADB7-34097FBB5B34}"
EndProject
Global
	GlobalSection(SolutionConfigurationPlatforms) = preSolution
		Debug|Any CPU = Debug|Any CPU
		Release|Any CPU = Release|Any CPU
	EndGlobalSection
	GlobalSection(ProjectConfigurationPlatforms) = postSolution
		{31A54C00-AA01-447A-ADB7-34097FBB5B34}.Debug|Any CPU.ActiveCfg = Debug|Any CPU
		{31A54C00-AA01-447A-ADB7-34097FBB5B34}.Debug|Any CPU.Build.0 = Debug|Any CPU
		{31A54C00-AA01-447A-ADB7-34097FBB5B34}.Release|Any CPU.ActiveCfg = Release|Any CPU
		{31A54C00-AA01-447A-ADB7-34097FBB5B34}.Release|Any CPU.Build.0 = Release|Any CPU
	EndGlobalSection
	GlobalSection(SolutionProperties) = preSolution
		HideSolutionNode = FALSE
	EndGlobalSection
	GlobalSection(ExtensibilityGlobals) = postSolution
		SolutionGuid = {EA5C8D24-706B-4196-9808-1CCCE95868A0}
	EndGlobalSection
EndGlobal
